github.com/eliiasg/trifont v0.0.0-20231014142639-fd909645f35c h1:mKilR8q299hK3IOcX2A0aLLVZm5f65AqT6ODJZO8GGA=
github.com/eliiasg/trifont v0.0.0-20231014142639-fd909645f35c/go.mod h1:KvjfFS5Am5fxsNsIuEiwyXMxfoDEiy2S55OVE1tgN8c=
github.com/eliiasg/trifont v0.0.0-20231016134712-05e491511962 h1:1IllxMv7G/EzsVcmHvaUYo11hkfLEOFm3eq5qWUFnFQ=
github.com/eliiasg/trifont v0.0.0-20231016134712-05e491511962/go.mod h1:KvjfFS5Am5fxsNsIuEiwyXMxfoDEiy2S55OVE1tgN8c=
